{
  "version": 4,
  "terraform_version": "1.0.4",
  "serial": 33,
  "lineage": "da8a3243-e4db-e126-9768-24f7900e5ff9",
  "outputs": {
    "Snapshot1": {
      "value": "snap-07ec603c2de2a7c22",
      "type": "string"
    },
    "Snapshot2": {
      "value": "snap-0364aef850b41f498",
      "type": "string"
    },
    "Snapshot3": {
      "value": "snap-04032e210a2fa615d",
      "type": "string"
    },
    "aws-instaces-availability-zone": {
      "value": "us-east-1a",
      "type": "string"
    },
    "aws-instaces-id": {
      "value": "i-01ff94500f4e95230",
      "type": "string"
    },
    "aws-instaces-key-name": {
      "value": "terrafromTF",
      "type": "string"
    },
    "aws-instaces-private-ip": {
      "value": "10.0.1.171",
      "type": "string"
    },
    "aws-instaces-status": {
      "value": "running",
      "type": "string"
    },
    "aws_instance-Public-id": {
      "value": "54.166.14.87",
      "type": "string"
    },
    "awsinstacesavailabilityzone": {
      "value": "us-east-1a",
      "type": "string"
    },
    "awsinstacesid": {
      "value": "i-015cb837b1be901cc",
      "type": "string"
    },
    "awsinstaceskeyname": {
      "value": "terrafromTF",
      "type": "string"
    },
    "awsinstacesprivate-ip": {
      "value": "10.0.2.123",
      "type": "string"
    },
    "awsinstacesstatus": {
      "value": "running",
      "type": "string"
    },
    "awsinstancePublic-id": {
      "value": "",
      "type": "string"
    },
    "ebs": {
      "value": "vol-068fc99fdaba537d3",
      "type": "string"
    },
    "eip": {
      "value": "eipalloc-00be542323d92ba62",
      "type": "string"
    },
    "iw": {
      "value": "igw-0f94a226b0282c6dc",
      "type": "string"
    },
    "main-vpc-id": {
      "value": "vpc-03af37395fc8b08aa",
      "type": "string"
    },
    "privat-subnet": {
      "value": "subnet-0dfd1ff82d94670b0",
      "type": "string"
    },
    "publice-subnet": {
      "value": "subnet-0a1c8932bd3f92da4",
      "type": "string"
    }
  },
  "resources": [
    {
      "mode": "data",
      "type": "aws_ami",
      "name": "AmazonAmiName",
      "provider": "provider[\"registry.terraform.io/hashicorp/aws\"]",
      "instances": [
        {
          "schema_version": 0,
          "attributes": {
            "architecture": "x86_64",
            "arn": "arn:aws:ec2:us-east-1::image/ami-065efef2c739d613b",
            "block_device_mappings": [
              {
                "device_name": "/dev/xvda",
                "ebs": {
                  "delete_on_termination": "true",
                  "encrypted": "false",
                  "iops": "0",
                  "snapshot_id": "snap-0c87771c8e09de699",
                  "throughput": "0",
                  "volume_size": "8",
                  "volume_type": "gp2"
                },
                "no_device": "",
                "virtual_name": ""
              }
            ],
            "boot_mode": "",
            "creation_date": "2022-06-14T19:44:18.000Z",
            "deprecation_time": "2024-06-14T19:44:18.000Z",
            "description": "Amazon Linux 2 AMI 2.0.20220606.1 x86_64 HVM gp2",
            "ena_support": true,
            "executable_users": null,
            "filter": [
              {
                "name": "architecture",
                "values": [
                  "x86_64"
                ]
              },
              {
                "name": "name",
                "values": [
                  "amzn2-ami-hvm*"
                ]
              },
              {
                "name": "owner-alias",
                "values": [
                  "amazon"
                ]
              },
              {
                "name": "root-device-type",
                "values": [
                  "ebs"
                ]
              },
              {
                "name": "virtualization-type",
                "values": [
                  "hvm"
                ]
              }
            ],
            "hypervisor": "xen",
            "id": "ami-065efef2c739d613b",
            "image_id": "ami-065efef2c739d613b",
            "image_location": "amazon/amzn2-ami-hvm-2.0.20220606.1-x86_64-gp2",
            "image_owner_alias": "amazon",
            "image_type": "machine",
            "include_deprecated": false,
            "kernel_id": "",
            "most_recent": true,
            "name": "amzn2-ami-hvm-2.0.20220606.1-x86_64-gp2",
            "name_regex": null,
            "owner_id": "137112412989",
            "owners": [
              "amazon"
            ],
            "platform": "",
            "platform_details": "Linux/UNIX",
            "product_codes": [],
            "public": true,
            "ramdisk_id": "",
            "root_device_name": "/dev/xvda",
            "root_device_type": "ebs",
            "root_snapshot_id": "snap-0c87771c8e09de699",
            "sriov_net_support": "simple",
            "state": "available",
            "state_reason": {
              "code": "UNSET",
              "message": "UNSET"
            },
            "tags": {},
            "tpm_support": "",
            "usage_operation": "RunInstances",
            "virtualization_type": "hvm"
          },
          "sensitive_attributes": []
        }
      ]
    },
    {
      "mode": "managed",
      "type": "aws_ebs_snapshot",
      "name": "example_snapshot1",
      "provider": "provider[\"registry.terraform.io/hashicorp/aws\"]",
      "instances": [
        {
          "schema_version": 0,
          "attributes": {
            "arn": "arn:aws:ec2:us-east-1::snapshot/snap-07ec603c2de2a7c22",
            "data_encryption_key_id": "",
            "description": "",
            "encrypted": false,
            "id": "snap-07ec603c2de2a7c22",
            "kms_key_id": "",
            "outpost_arn": "",
            "owner_alias": "",
            "owner_id": "019408375185",
            "permanent_restore": null,
            "storage_tier": "standard",
            "tags": {
              "Env": "Dev",
              "Name": "TF_Snapshot_sever_1",
              "Owner_Name": "Sandeep",
              "category": "Local_Dev",
              "project_name": "terrafrom_testing"
            },
            "tags_all": {
              "Env": "Dev",
              "Name": "TF_Snapshot_sever_1",
              "Owner_Name": "Sandeep",
              "category": "Local_Dev",
              "project_name": "terrafrom_testing"
            },
            "temporary_restore_days": null,
            "timeouts": null,
            "volume_id": "vol-068fc99fdaba537d3",
            "volume_size": 1
          },
          "sensitive_attributes": [],
          "private": "eyJlMmJmYjczMC1lY2FhLTExZTYtOGY4OC0zNDM2M2JjN2M0YzAiOnsiY3JlYXRlIjo2MDAwMDAwMDAwMDAsImRlbGV0ZSI6NjAwMDAwMDAwMDAwfX0=",
          "dependencies": [
            "aws_ebs_volume.vol1",
            "aws_instance.web_server",
            "aws_security_group.allow_port",
            "aws_subnet.Public_subnet",
            "aws_vpc.Main_VPC",
            "data.aws_ami.AmazonAmiName"
          ]
        }
      ]
    },
    {
      "mode": "managed",
      "type": "aws_ebs_snapshot",
      "name": "example_snapshot2",
      "provider": "provider[\"registry.terraform.io/hashicorp/aws\"]",
      "instances": [
        {
          "schema_version": 0,
          "attributes": {
            "arn": "arn:aws:ec2:us-east-1::snapshot/snap-0364aef850b41f498",
            "data_encryption_key_id": "",
            "description": "",
            "encrypted": false,
            "id": "snap-0364aef850b41f498",
            "kms_key_id": "",
            "outpost_arn": "",
            "owner_alias": "",
            "owner_id": "019408375185",
            "permanent_restore": null,
            "storage_tier": "standard",
            "tags": {
              "Env": "Dev",
              "Name": "TF_Snapshot_server_2",
              "Owner_Name": "Sandeep",
              "category": "Local_Dev",
              "project_name": "terrafrom_testing"
            },
            "tags_all": {
              "Env": "Dev",
              "Name": "TF_Snapshot_server_2",
              "Owner_Name": "Sandeep",
              "category": "Local_Dev",
              "project_name": "terrafrom_testing"
            },
            "temporary_restore_days": null,
            "timeouts": null,
            "volume_id": "vol-068fc99fdaba537d3",
            "volume_size": 1
          },
          "sensitive_attributes": [],
          "private": "eyJlMmJmYjczMC1lY2FhLTExZTYtOGY4OC0zNDM2M2JjN2M0YzAiOnsiY3JlYXRlIjo2MDAwMDAwMDAwMDAsImRlbGV0ZSI6NjAwMDAwMDAwMDAwfX0=",
          "dependencies": [
            "aws_ebs_volume.vol1",
            "aws_instance.web_server_ex",
            "aws_security_group.allow_port",
            "aws_subnet.Public_subnet",
            "aws_vpc.Main_VPC",
            "data.aws_ami.AmazonAmiName"
          ]
        }
      ]
    },
    {
      "mode": "managed",
      "type": "aws_ebs_snapshot",
      "name": "example_snapshot3",
      "provider": "provider[\"registry.terraform.io/hashicorp/aws\"]",
      "instances": [
        {
          "schema_version": 0,
          "attributes": {
            "arn": "arn:aws:ec2:us-east-1::snapshot/snap-04032e210a2fa615d",
            "data_encryption_key_id": "",
            "description": "",
            "encrypted": false,
            "id": "snap-04032e210a2fa615d",
            "kms_key_id": "",
            "outpost_arn": "",
            "owner_alias": "",
            "owner_id": "019408375185",
            "permanent_restore": null,
            "storage_tier": "standard",
            "tags": {
              "Env": "Dev",
              "Name": "TF_Snapshot_server_2",
              "Owner_Name": "Sandeep",
              "category": "Local_Dev",
              "project_name": "terrafrom_testing"
            },
            "tags_all": {
              "Env": "Dev",
              "Name": "TF_Snapshot_server_2",
              "Owner_Name": "Sandeep",
              "category": "Local_Dev",
              "project_name": "terrafrom_testing"
            },
            "temporary_restore_days": null,
            "timeouts": null,
            "volume_id": "vol-0b50e5a98e56c75f6",
            "volume_size": 1
          },
          "sensitive_attributes": [],
          "private": "eyJlMmJmYjczMC1lY2FhLTExZTYtOGY4OC0zNDM2M2JjN2M0YzAiOnsiY3JlYXRlIjo2MDAwMDAwMDAwMDAsImRlbGV0ZSI6NjAwMDAwMDAwMDAwfX0=",
          "dependencies": [
            "aws_ebs_volume.vol3",
            "aws_instance.DB_server",
            "aws_security_group.sg2",
            "aws_subnet.Private_subnet",
            "aws_vpc.Main_VPC",
            "data.aws_ami.AmazonAmiName"
          ]
        }
      ]
    },
    {
      "mode": "managed",
      "type": "aws_ebs_volume",
      "name": "vol1",
      "provider": "provider[\"registry.terraform.io/hashicorp/aws\"]",
      "instances": [
        {
          "schema_version": 0,
          "attributes": {
            "arn": "arn:aws:ec2:us-east-1:019408375185:volume/vol-068fc99fdaba537d3",
            "availability_zone": "us-east-1a",
            "encrypted": false,
            "final_snapshot": false,
            "id": "vol-068fc99fdaba537d3",
            "iops": 100,
            "kms_key_id": "",
            "multi_attach_enabled": false,
            "outpost_arn": "",
            "size": 1,
            "snapshot_id": "",
            "tags": {
              "Env": "Dev",
              "Name": "TF_ebs_server_1_volume",
              "Owner_Name": "Sandeep",
              "category": "Local_Dev",
              "project_name": "terrafrom_testing"
            },
            "tags_all": {
              "Env": "Dev",
              "Name": "TF_ebs_server_1_volume",
              "Owner_Name": "Sandeep",
              "category": "Local_Dev",
              "project_name": "terrafrom_testing"
            },
            "throughput": 0,
            "timeouts": null,
            "type": "gp2"
          },
          "sensitive_attributes": [],
          "private": "eyJlMmJmYjczMC1lY2FhLTExZTYtOGY4OC0zNDM2M2JjN2M0YzAiOnsiY3JlYXRlIjozMDAwMDAwMDAwMDAsImRlbGV0ZSI6MzAwMDAwMDAwMDAwLCJ1cGRhdGUiOjMwMDAwMDAwMDAwMH19"
        }
      ]
    },
    {
      "mode": "managed",
      "type": "aws_ebs_volume",
      "name": "vol2",
      "provider": "provider[\"registry.terraform.io/hashicorp/aws\"]",
      "instances": [
        {
          "schema_version": 0,
          "attributes": {
            "arn": "arn:aws:ec2:us-east-1:019408375185:volume/vol-0e09fd1bfd2bd68b5",
            "availability_zone": "us-east-1a",
            "encrypted": false,
            "final_snapshot": false,
            "id": "vol-0e09fd1bfd2bd68b5",
            "iops": 100,
            "kms_key_id": "",
            "multi_attach_enabled": false,
            "outpost_arn": "",
            "size": 1,
            "snapshot_id": "",
            "tags": {
              "Env": "Dev",
              "Name": "TF_ebs_server_2_volume",
              "Owner_Name": "Sandeep",
              "category": "Local_Dev",
              "project_name": "terrafrom_testing"
            },
            "tags_all": {
              "Env": "Dev",
              "Name": "TF_ebs_server_2_volume",
              "Owner_Name": "Sandeep",
              "category": "Local_Dev",
              "project_name": "terrafrom_testing"
            },
            "throughput": 0,
            "timeouts": null,
            "type": "gp2"
          },
          "sensitive_attributes": [],
          "private": "eyJlMmJmYjczMC1lY2FhLTExZTYtOGY4OC0zNDM2M2JjN2M0YzAiOnsiY3JlYXRlIjozMDAwMDAwMDAwMDAsImRlbGV0ZSI6MzAwMDAwMDAwMDAwLCJ1cGRhdGUiOjMwMDAwMDAwMDAwMH19"
        }
      ]
    },
    {
      "mode": "managed",
      "type": "aws_ebs_volume",
      "name": "vol3",
      "provider": "provider[\"registry.terraform.io/hashicorp/aws\"]",
      "instances": [
        {
          "schema_version": 0,
          "attributes": {
            "arn": "arn:aws:ec2:us-east-1:019408375185:volume/vol-0b50e5a98e56c75f6",
            "availability_zone": "us-east-1a",
            "encrypted": false,
            "final_snapshot": false,
            "id": "vol-0b50e5a98e56c75f6",
            "iops": 100,
            "kms_key_id": "",
            "multi_attach_enabled": false,
            "outpost_arn": "",
            "size": 1,
            "snapshot_id": "",
            "tags": {
              "Env": "Dev",
              "Name": "TF_ebs_DB_severvolume",
              "Owner_Name": "Sandeep",
              "category": "Local_Dev",
              "project_name": "terrafrom_testing"
            },
            "tags_all": {
              "Env": "Dev",
              "Name": "TF_ebs_DB_severvolume",
              "Owner_Name": "Sandeep",
              "category": "Local_Dev",
              "project_name": "terrafrom_testing"
            },
            "throughput": 0,
            "timeouts": null,
            "type": "gp2"
          },
          "sensitive_attributes": [],
          "private": "eyJlMmJmYjczMC1lY2FhLTExZTYtOGY4OC0zNDM2M2JjN2M0YzAiOnsiY3JlYXRlIjozMDAwMDAwMDAwMDAsImRlbGV0ZSI6MzAwMDAwMDAwMDAwLCJ1cGRhdGUiOjMwMDAwMDAwMDAwMH19"
        }
      ]
    },
    {
      "mode": "managed",
      "type": "aws_eip",
      "name": "lb",
      "provider": "provider[\"registry.terraform.io/hashicorp/aws\"]",
      "instances": [
        {
          "schema_version": 0,
          "attributes": {
            "address": null,
            "allocation_id": "eipalloc-00be542323d92ba62",
            "associate_with_private_ip": null,
            "association_id": "",
            "carrier_ip": "",
            "customer_owned_ip": "",
            "customer_owned_ipv4_pool": "",
            "domain": "vpc",
            "id": "eipalloc-00be542323d92ba62",
            "instance": "",
            "network_border_group": "us-east-1",
            "network_interface": "",
            "private_dns": null,
            "private_ip": "",
            "public_dns": "ec2-18-232-233-216.compute-1.amazonaws.com",
            "public_ip": "18.232.233.216",
            "public_ipv4_pool": "amazon",
            "tags": null,
            "tags_all": {},
            "timeouts": null,
            "vpc": true
          },
          "sensitive_attributes": [],
          "private": "eyJlMmJmYjczMC1lY2FhLTExZTYtOGY4OC0zNDM2M2JjN2M0YzAiOnsiZGVsZXRlIjoxODAwMDAwMDAwMDAsInJlYWQiOjkwMDAwMDAwMDAwMCwidXBkYXRlIjozMDAwMDAwMDAwMDB9fQ=="
        }
      ]
    },
    {
      "mode": "managed",
      "type": "aws_instance",
      "name": "DB_server",
      "provider": "provider[\"registry.terraform.io/hashicorp/aws\"]",
      "instances": [
        {
          "schema_version": 1,
          "attributes": {
            "ami": "ami-065efef2c739d613b",
            "arn": "arn:aws:ec2:us-east-1:019408375185:instance/i-015cb837b1be901cc",
            "associate_public_ip_address": false,
            "availability_zone": "us-east-1a",
            "capacity_reservation_specification": [
              {
                "capacity_reservation_preference": "open",
                "capacity_reservation_target": []
              }
            ],
            "cpu_core_count": 1,
            "cpu_threads_per_core": 1,
            "credit_specification": [
              {
                "cpu_credits": "standard"
              }
            ],
            "disable_api_stop": false,
            "disable_api_termination": false,
            "ebs_block_device": [],
            "ebs_optimized": false,
            "enclave_options": [
              {
                "enabled": false
              }
            ],
            "ephemeral_block_device": [],
            "get_password_data": false,
            "hibernation": false,
            "host_id": null,
            "iam_instance_profile": "",
            "id": "i-015cb837b1be901cc",
            "instance_initiated_shutdown_behavior": "stop",
            "instance_state": "running",
            "instance_type": "t2.micro",
            "ipv6_address_count": 0,
            "ipv6_addresses": [],
            "key_name": "terrafromTF",
            "launch_template": [],
            "maintenance_options": [
              {
                "auto_recovery": "default"
              }
            ],
            "metadata_options": [
              {
                "http_endpoint": "enabled",
                "http_put_response_hop_limit": 1,
                "http_tokens": "optional",
                "instance_metadata_tags": "disabled"
              }
            ],
            "monitoring": false,
            "network_interface": [],
            "outpost_arn": "",
            "password_data": "",
            "placement_group": "",
            "placement_partition_number": null,
            "primary_network_interface_id": "eni-0f81c8a5010afb187",
            "private_dns": "ip-10-0-2-123.ec2.internal",
            "private_dns_name_options": [
              {
                "enable_resource_name_dns_a_record": false,
                "enable_resource_name_dns_aaaa_record": false,
                "hostname_type": "ip-name"
              }
            ],
            "private_ip": "10.0.2.123",
            "public_dns": "",
            "public_ip": "",
            "root_block_device": [
              {
                "delete_on_termination": true,
                "device_name": "/dev/xvda",
                "encrypted": false,
                "iops": 100,
                "kms_key_id": "",
                "tags": {},
                "throughput": 0,
                "volume_id": "vol-0922beaefa81d8656",
                "volume_size": 8,
                "volume_type": "gp2"
              }
            ],
            "secondary_private_ips": [],
            "security_groups": [],
            "source_dest_check": true,
            "subnet_id": "subnet-0dfd1ff82d94670b0",
            "tags": {
              "Env": "Dev",
              "Name": "DB_server",
              "Owner_Name": "Sandeep",
              "category": "Local_Dev",
              "project_name": "terrafrom_testing"
            },
            "tags_all": {
              "Env": "Dev",
              "Name": "DB_server",
              "Owner_Name": "Sandeep",
              "category": "Local_Dev",
              "project_name": "terrafrom_testing"
            },
            "tenancy": "default",
            "timeouts": null,
            "user_data": null,
            "user_data_base64": null,
            "user_data_replace_on_change": false,
            "volume_tags": null,
            "vpc_security_group_ids": [
              "sg-012c077eaede8e399"
            ]
          },
          "sensitive_attributes": [],
          "private": "eyJlMmJmYjczMC1lY2FhLTExZTYtOGY4OC0zNDM2M2JjN2M0YzAiOnsiY3JlYXRlIjo2MDAwMDAwMDAwMDAsImRlbGV0ZSI6MTIwMDAwMDAwMDAwMCwidXBkYXRlIjo2MDAwMDAwMDAwMDB9LCJzY2hlbWFfdmVyc2lvbiI6IjEifQ==",
          "dependencies": [
            "aws_security_group.sg2",
            "aws_subnet.Private_subnet",
            "aws_vpc.Main_VPC",
            "data.aws_ami.AmazonAmiName"
          ]
        }
      ]
    },
    {
      "mode": "managed",
      "type": "aws_instance",
      "name": "web_server",
      "provider": "provider[\"registry.terraform.io/hashicorp/aws\"]",
      "instances": [
        {
          "schema_version": 1,
          "attributes": {
            "ami": "ami-065efef2c739d613b",
            "arn": "arn:aws:ec2:us-east-1:019408375185:instance/i-01ff94500f4e95230",
            "associate_public_ip_address": true,
            "availability_zone": "us-east-1a",
            "capacity_reservation_specification": [
              {
                "capacity_reservation_preference": "open",
                "capacity_reservation_target": []
              }
            ],
            "cpu_core_count": 1,
            "cpu_threads_per_core": 1,
            "credit_specification": [
              {
                "cpu_credits": "standard"
              }
            ],
            "disable_api_stop": false,
            "disable_api_termination": false,
            "ebs_block_device": [],
            "ebs_optimized": false,
            "enclave_options": [
              {
                "enabled": false
              }
            ],
            "ephemeral_block_device": [],
            "get_password_data": false,
            "hibernation": false,
            "host_id": null,
            "iam_instance_profile": "",
            "id": "i-01ff94500f4e95230",
            "instance_initiated_shutdown_behavior": "stop",
            "instance_state": "running",
            "instance_type": "t2.micro",
            "ipv6_address_count": 0,
            "ipv6_addresses": [],
            "key_name": "terrafromTF",
            "launch_template": [],
            "maintenance_options": [
              {
                "auto_recovery": "default"
              }
            ],
            "metadata_options": [
              {
                "http_endpoint": "enabled",
                "http_put_response_hop_limit": 1,
                "http_tokens": "optional",
                "instance_metadata_tags": "disabled"
              }
            ],
            "monitoring": false,
            "network_interface": [],
            "outpost_arn": "",
            "password_data": "",
            "placement_group": "",
            "placement_partition_number": null,
            "primary_network_interface_id": "eni-08d87cb452860f710",
            "private_dns": "ip-10-0-1-171.ec2.internal",
            "private_dns_name_options": [
              {
                "enable_resource_name_dns_a_record": false,
                "enable_resource_name_dns_aaaa_record": false,
                "hostname_type": "ip-name"
              }
            ],
            "private_ip": "10.0.1.171",
            "public_dns": "",
            "public_ip": "54.166.14.87",
            "root_block_device": [
              {
                "delete_on_termination": true,
                "device_name": "/dev/xvda",
                "encrypted": false,
                "iops": 100,
                "kms_key_id": "",
                "tags": {},
                "throughput": 0,
                "volume_id": "vol-0cd0c678cbdb64957",
                "volume_size": 8,
                "volume_type": "gp2"
              }
            ],
            "secondary_private_ips": [],
            "security_groups": [],
            "source_dest_check": true,
            "subnet_id": "subnet-0a1c8932bd3f92da4",
            "tags": {
              "Env": "Dev",
              "Name": "Httpd_web_1_server",
              "Owner_Name": "Sandeep",
              "category": "Local_Dev",
              "project_name": "terrafrom_testing"
            },
            "tags_all": {
              "Env": "Dev",
              "Name": "Httpd_web_1_server",
              "Owner_Name": "Sandeep",
              "category": "Local_Dev",
              "project_name": "terrafrom_testing"
            },
            "tenancy": "default",
            "timeouts": null,
            "user_data": null,
            "user_data_base64": null,
            "user_data_replace_on_change": false,
            "volume_tags": null,
            "vpc_security_group_ids": [
              "sg-0e99f472c16a8538a"
            ]
          },
          "sensitive_attributes": [],
          "private": "eyJlMmJmYjczMC1lY2FhLTExZTYtOGY4OC0zNDM2M2JjN2M0YzAiOnsiY3JlYXRlIjo2MDAwMDAwMDAwMDAsImRlbGV0ZSI6MTIwMDAwMDAwMDAwMCwidXBkYXRlIjo2MDAwMDAwMDAwMDB9LCJzY2hlbWFfdmVyc2lvbiI6IjEifQ==",
          "dependencies": [
            "aws_security_group.allow_port",
            "aws_subnet.Public_subnet",
            "aws_vpc.Main_VPC",
            "data.aws_ami.AmazonAmiName"
          ]
        }
      ]
    },
    {
      "mode": "managed",
      "type": "aws_instance",
      "name": "web_server_ex",
      "provider": "provider[\"registry.terraform.io/hashicorp/aws\"]",
      "instances": [
        {
          "schema_version": 1,
          "attributes": {
            "ami": "ami-065efef2c739d613b",
            "arn": "arn:aws:ec2:us-east-1:019408375185:instance/i-04030b429c0d2a464",
            "associate_public_ip_address": true,
            "availability_zone": "us-east-1a",
            "capacity_reservation_specification": [
              {
                "capacity_reservation_preference": "open",
                "capacity_reservation_target": []
              }
            ],
            "cpu_core_count": 1,
            "cpu_threads_per_core": 1,
            "credit_specification": [
              {
                "cpu_credits": "standard"
              }
            ],
            "disable_api_stop": false,
            "disable_api_termination": false,
            "ebs_block_device": [],
            "ebs_optimized": false,
            "enclave_options": [
              {
                "enabled": false
              }
            ],
            "ephemeral_block_device": [],
            "get_password_data": false,
            "hibernation": false,
            "host_id": null,
            "iam_instance_profile": "",
            "id": "i-04030b429c0d2a464",
            "instance_initiated_shutdown_behavior": "stop",
            "instance_state": "running",
            "instance_type": "t2.micro",
            "ipv6_address_count": 0,
            "ipv6_addresses": [],
            "key_name": "terrafromTF",
            "launch_template": [],
            "maintenance_options": [
              {
                "auto_recovery": "default"
              }
            ],
            "metadata_options": [
              {
                "http_endpoint": "enabled",
                "http_put_response_hop_limit": 1,
                "http_tokens": "optional",
                "instance_metadata_tags": "disabled"
              }
            ],
            "monitoring": false,
            "network_interface": [],
            "outpost_arn": "",
            "password_data": "",
            "placement_group": "",
            "placement_partition_number": null,
            "primary_network_interface_id": "eni-0d1259544fe37cf02",
            "private_dns": "ip-10-0-1-55.ec2.internal",
            "private_dns_name_options": [
              {
                "enable_resource_name_dns_a_record": false,
                "enable_resource_name_dns_aaaa_record": false,
                "hostname_type": "ip-name"
              }
            ],
            "private_ip": "10.0.1.55",
            "public_dns": "",
            "public_ip": "3.85.50.73",
            "root_block_device": [
              {
                "delete_on_termination": true,
                "device_name": "/dev/xvda",
                "encrypted": false,
                "iops": 100,
                "kms_key_id": "",
                "tags": {},
                "throughput": 0,
                "volume_id": "vol-068dcb701ec8da0c2",
                "volume_size": 8,
                "volume_type": "gp2"
              }
            ],
            "secondary_private_ips": [],
            "security_groups": [],
            "source_dest_check": true,
            "subnet_id": "subnet-0a1c8932bd3f92da4",
            "tags": {
              "Env": "Dev",
              "Name": "Httpd_web_2_server",
              "Owner_Name": "Sandeep",
              "category": "Local_Dev",
              "project_name": "terrafrom_testing"
            },
            "tags_all": {
              "Env": "Dev",
              "Name": "Httpd_web_2_server",
              "Owner_Name": "Sandeep",
              "category": "Local_Dev",
              "project_name": "terrafrom_testing"
            },
            "tenancy": "default",
            "timeouts": null,
            "user_data": null,
            "user_data_base64": null,
            "user_data_replace_on_change": false,
            "volume_tags": null,
            "vpc_security_group_ids": [
              "sg-0e99f472c16a8538a"
            ]
          },
          "sensitive_attributes": [],
          "private": "eyJlMmJmYjczMC1lY2FhLTExZTYtOGY4OC0zNDM2M2JjN2M0YzAiOnsiY3JlYXRlIjo2MDAwMDAwMDAwMDAsImRlbGV0ZSI6MTIwMDAwMDAwMDAwMCwidXBkYXRlIjo2MDAwMDAwMDAwMDB9LCJzY2hlbWFfdmVyc2lvbiI6IjEifQ==",
          "dependencies": [
            "aws_security_group.allow_port",
            "aws_subnet.Public_subnet",
            "aws_vpc.Main_VPC",
            "data.aws_ami.AmazonAmiName"
          ]
        }
      ]
    },
    {
      "mode": "managed",
      "type": "aws_internet_gateway",
      "name": "gw",
      "provider": "provider[\"registry.terraform.io/hashicorp/aws\"]",
      "instances": [
        {
          "schema_version": 0,
          "attributes": {
            "arn": "arn:aws:ec2:us-east-1:019408375185:internet-gateway/igw-0f94a226b0282c6dc",
            "id": "igw-0f94a226b0282c6dc",
            "owner_id": "019408375185",
            "tags": {
              "Env": "Dev",
              "Name": "TF_IG",
              "Owner_Name": "Sandeep",
              "category": "Local_Dev",
              "project_name": "terrafrom_testing"
            },
            "tags_all": {
              "Env": "Dev",
              "Name": "TF_IG",
              "Owner_Name": "Sandeep",
              "category": "Local_Dev",
              "project_name": "terrafrom_testing"
            },
            "vpc_id": "vpc-03af37395fc8b08aa"
          },
          "sensitive_attributes": [],
          "private": "bnVsbA==",
          "dependencies": [
            "aws_vpc.Main_VPC"
          ]
        }
      ]
    },
    {
      "mode": "managed",
      "type": "aws_nat_gateway",
      "name": "example",
      "provider": "provider[\"registry.terraform.io/hashicorp/aws\"]",
      "instances": [
        {
          "schema_version": 0,
          "attributes": {
            "allocation_id": "eipalloc-00be542323d92ba62",
            "connectivity_type": "public",
            "id": "nat-0f63980ffc876e364",
            "network_interface_id": "eni-021cbee592cbf084c",
            "private_ip": "10.0.2.176",
            "public_ip": "18.232.233.216",
            "subnet_id": "subnet-0dfd1ff82d94670b0",
            "tags": {
              "Env": "Dev",
              "Name": "Nat_Gateway",
              "Owner_Name": "Sandeep",
              "category": "Local_Dev",
              "project_name": "terrafrom_testing"
            },
            "tags_all": {
              "Env": "Dev",
              "Name": "Nat_Gateway",
              "Owner_Name": "Sandeep",
              "category": "Local_Dev",
              "project_name": "terrafrom_testing"
            }
          },
          "sensitive_attributes": [],
          "private": "bnVsbA==",
          "dependencies": [
            "aws_eip.lb",
            "aws_subnet.Private_subnet",
            "aws_vpc.Main_VPC"
          ]
        }
      ]
    },
    {
      "mode": "managed",
      "type": "aws_route",
      "name": "r",
      "provider": "provider[\"registry.terraform.io/hashicorp/aws\"]",
      "instances": [
        {
          "schema_version": 0,
          "attributes": {
            "carrier_gateway_id": "",
            "core_network_arn": "",
            "destination_cidr_block": "0.0.0.0/0",
            "destination_ipv6_cidr_block": "",
            "destination_prefix_list_id": "",
            "egress_only_gateway_id": "",
            "gateway_id": "",
            "id": "r-rtb-0422876a02f6d30a41080289494",
            "instance_id": "",
            "instance_owner_id": "",
            "local_gateway_id": "",
            "nat_gateway_id": "nat-0f63980ffc876e364",
            "network_interface_id": "",
            "origin": "CreateRoute",
            "route_table_id": "rtb-0422876a02f6d30a4",
            "state": "active",
            "timeouts": null,
            "transit_gateway_id": "",
            "vpc_endpoint_id": "",
            "vpc_peering_connection_id": ""
          },
          "sensitive_attributes": [],
          "private": "eyJlMmJmYjczMC1lY2FhLTExZTYtOGY4OC0zNDM2M2JjN2M0YzAiOnsiY3JlYXRlIjozMDAwMDAwMDAwMDAsImRlbGV0ZSI6MzAwMDAwMDAwMDAwLCJ1cGRhdGUiOjEyMDAwMDAwMDAwMH19",
          "dependencies": [
            "aws_eip.lb",
            "aws_nat_gateway.example",
            "aws_route_table.Private",
            "aws_subnet.Private_subnet",
            "aws_vpc.Main_VPC"
          ]
        }
      ]
    },
    {
      "mode": "managed",
      "type": "aws_route",
      "name": "route_igw",
      "provider": "provider[\"registry.terraform.io/hashicorp/aws\"]",
      "instances": [
        {
          "schema_version": 0,
          "attributes": {
            "carrier_gateway_id": "",
            "core_network_arn": "",
            "destination_cidr_block": "0.0.0.0/0",
            "destination_ipv6_cidr_block": "",
            "destination_prefix_list_id": "",
            "egress_only_gateway_id": "",
            "gateway_id": "igw-0f94a226b0282c6dc",
            "id": "r-rtb-0f6c459613ad920fe1080289494",
            "instance_id": "",
            "instance_owner_id": "",
            "local_gateway_id": "",
            "nat_gateway_id": "",
            "network_interface_id": "",
            "origin": "CreateRoute",
            "route_table_id": "rtb-0f6c459613ad920fe",
            "state": "active",
            "timeouts": null,
            "transit_gateway_id": "",
            "vpc_endpoint_id": "",
            "vpc_peering_connection_id": ""
          },
          "sensitive_attributes": [],
          "private": "eyJlMmJmYjczMC1lY2FhLTExZTYtOGY4OC0zNDM2M2JjN2M0YzAiOnsiY3JlYXRlIjozMDAwMDAwMDAwMDAsImRlbGV0ZSI6MzAwMDAwMDAwMDAwLCJ1cGRhdGUiOjEyMDAwMDAwMDAwMH19",
          "dependencies": [
            "aws_internet_gateway.gw",
            "aws_route_table.Public",
            "aws_vpc.Main_VPC"
          ]
        }
      ]
    },
    {
      "mode": "managed",
      "type": "aws_route_table",
      "name": "Private",
      "provider": "provider[\"registry.terraform.io/hashicorp/aws\"]",
      "instances": [
        {
          "schema_version": 0,
          "attributes": {
            "arn": "arn:aws:ec2:us-east-1:019408375185:route-table/rtb-0422876a02f6d30a4",
            "id": "rtb-0422876a02f6d30a4",
            "owner_id": "019408375185",
            "propagating_vgws": [],
            "route": [],
            "tags": {
              "Env": "Dev",
              "Name": "RT_private",
              "Owner_Name": "Sandeep",
              "category": "Local_Dev",
              "project_name": "terrafrom_testing"
            },
            "tags_all": {
              "Env": "Dev",
              "Name": "RT_private",
              "Owner_Name": "Sandeep",
              "category": "Local_Dev",
              "project_name": "terrafrom_testing"
            },
            "timeouts": null,
            "vpc_id": "vpc-03af37395fc8b08aa"
          },
          "sensitive_attributes": [],
          "private": "eyJlMmJmYjczMC1lY2FhLTExZTYtOGY4OC0zNDM2M2JjN2M0YzAiOnsiY3JlYXRlIjozMDAwMDAwMDAwMDAsImRlbGV0ZSI6MzAwMDAwMDAwMDAwLCJ1cGRhdGUiOjEyMDAwMDAwMDAwMH19",
          "dependencies": [
            "aws_vpc.Main_VPC"
          ]
        }
      ]
    },
    {
      "mode": "managed",
      "type": "aws_route_table",
      "name": "Public",
      "provider": "provider[\"registry.terraform.io/hashicorp/aws\"]",
      "instances": [
        {
          "schema_version": 0,
          "attributes": {
            "arn": "arn:aws:ec2:us-east-1:019408375185:route-table/rtb-0f6c459613ad920fe",
            "id": "rtb-0f6c459613ad920fe",
            "owner_id": "019408375185",
            "propagating_vgws": [],
            "route": [],
            "tags": {
              "Env": "Dev",
              "Name": "RT_Public",
              "Owner_Name": "Sandeep",
              "category": "Local_Dev",
              "project_name": "terrafrom_testing"
            },
            "tags_all": {
              "Env": "Dev",
              "Name": "RT_Public",
              "Owner_Name": "Sandeep",
              "category": "Local_Dev",
              "project_name": "terrafrom_testing"
            },
            "timeouts": null,
            "vpc_id": "vpc-03af37395fc8b08aa"
          },
          "sensitive_attributes": [],
          "private": "eyJlMmJmYjczMC1lY2FhLTExZTYtOGY4OC0zNDM2M2JjN2M0YzAiOnsiY3JlYXRlIjozMDAwMDAwMDAwMDAsImRlbGV0ZSI6MzAwMDAwMDAwMDAwLCJ1cGRhdGUiOjEyMDAwMDAwMDAwMH19",
          "dependencies": [
            "aws_vpc.Main_VPC"
          ]
        }
      ]
    },
    {
      "mode": "managed",
      "type": "aws_route_table_association",
      "name": "a",
      "provider": "provider[\"registry.terraform.io/hashicorp/aws\"]",
      "instances": [
        {
          "schema_version": 0,
          "attributes": {
            "gateway_id": "",
            "id": "rtbassoc-0b5acb2a3ba90ea88",
            "route_table_id": "rtb-0f6c459613ad920fe",
            "subnet_id": "subnet-0a1c8932bd3f92da4"
          },
          "sensitive_attributes": [],
          "private": "bnVsbA==",
          "dependencies": [
            "aws_route_table.Public",
            "aws_subnet.Public_subnet",
            "aws_vpc.Main_VPC"
          ]
        }
      ]
    },
    {
      "mode": "managed",
      "type": "aws_route_table_association",
      "name": "b",
      "provider": "provider[\"registry.terraform.io/hashicorp/aws\"]",
      "instances": [
        {
          "schema_version": 0,
          "attributes": {
            "gateway_id": "",
            "id": "rtbassoc-040f169c6842b87eb",
            "route_table_id": "rtb-0422876a02f6d30a4",
            "subnet_id": "subnet-0dfd1ff82d94670b0"
          },
          "sensitive_attributes": [],
          "private": "bnVsbA==",
          "dependencies": [
            "aws_route_table.Private",
            "aws_subnet.Private_subnet",
            "aws_vpc.Main_VPC"
          ]
        }
      ]
    },
    {
      "mode": "managed",
      "type": "aws_security_group",
      "name": "allow_port",
      "provider": "provider[\"registry.terraform.io/hashicorp/aws\"]",
      "instances": [
        {
          "schema_version": 1,
          "attributes": {
            "arn": "arn:aws:ec2:us-east-1:019408375185:security-group/sg-0e99f472c16a8538a",
            "description": "Allow all inbound traffic",
            "egress": [
              {
                "cidr_blocks": [
                  "0.0.0.0/0"
                ],
                "description": "",
                "from_port": 0,
                "ipv6_cidr_blocks": [],
                "prefix_list_ids": [],
                "protocol": "-1",
                "security_groups": [],
                "self": false,
                "to_port": 0
              }
            ],
            "id": "sg-0e99f472c16a8538a",
            "ingress": [
              {
                "cidr_blocks": [
                  "0.0.0.0/0"
                ],
                "description": "",
                "from_port": 21,
                "ipv6_cidr_blocks": [],
                "prefix_list_ids": [],
                "protocol": "tcp",
                "security_groups": [],
                "self": false,
                "to_port": 21
              },
              {
                "cidr_blocks": [
                  "0.0.0.0/0"
                ],
                "description": "",
                "from_port": 22,
                "ipv6_cidr_blocks": [],
                "prefix_list_ids": [],
                "protocol": "tcp",
                "security_groups": [],
                "self": false,
                "to_port": 22
              },
              {
                "cidr_blocks": [
                  "0.0.0.0/0"
                ],
                "description": "",
                "from_port": 444,
                "ipv6_cidr_blocks": [],
                "prefix_list_ids": [],
                "protocol": "tcp",
                "security_groups": [],
                "self": false,
                "to_port": 444
              },
              {
                "cidr_blocks": [
                  "0.0.0.0/0"
                ],
                "description": "",
                "from_port": 80,
                "ipv6_cidr_blocks": [],
                "prefix_list_ids": [],
                "protocol": "tcp",
                "security_groups": [],
                "self": false,
                "to_port": 80
              }
            ],
            "name": "allow_all port",
            "name_prefix": "",
            "owner_id": "019408375185",
            "revoke_rules_on_delete": false,
            "tags": {
              "Env": "Dev",
              "Name": "TF_SG",
              "Owner_Name": "Sandeep",
              "category": "Local_Dev",
              "project_name": "terrafrom_testing"
            },
            "tags_all": {
              "Env": "Dev",
              "Name": "TF_SG",
              "Owner_Name": "Sandeep",
              "category": "Local_Dev",
              "project_name": "terrafrom_testing"
            },
            "timeouts": null,
            "vpc_id": "vpc-03af37395fc8b08aa"
          },
          "sensitive_attributes": [],
          "private": "eyJlMmJmYjczMC1lY2FhLTExZTYtOGY4OC0zNDM2M2JjN2M0YzAiOnsiY3JlYXRlIjo2MDAwMDAwMDAwMDAsImRlbGV0ZSI6OTAwMDAwMDAwMDAwfSwic2NoZW1hX3ZlcnNpb24iOiIxIn0=",
          "dependencies": [
            "aws_vpc.Main_VPC"
          ]
        }
      ]
    },
    {
      "mode": "managed",
      "type": "aws_security_group",
      "name": "sg2",
      "provider": "provider[\"registry.terraform.io/hashicorp/aws\"]",
      "instances": [
        {
          "schema_version": 1,
          "attributes": {
            "arn": "arn:aws:ec2:us-east-1:019408375185:security-group/sg-012c077eaede8e399",
            "description": "Allow all inbound traffic",
            "egress": [
              {
                "cidr_blocks": [
                  "0.0.0.0/0"
                ],
                "description": "",
                "from_port": 0,
                "ipv6_cidr_blocks": [],
                "prefix_list_ids": [],
                "protocol": "-1",
                "security_groups": [],
                "self": false,
                "to_port": 0
              }
            ],
            "id": "sg-012c077eaede8e399",
            "ingress": [
              {
                "cidr_blocks": [
                  "0.0.0.0/0"
                ],
                "description": "",
                "from_port": 0,
                "ipv6_cidr_blocks": [],
                "prefix_list_ids": [],
                "protocol": "-1",
                "security_groups": [],
                "self": false,
                "to_port": 0
              }
            ],
            "name": "allow_all s2",
            "name_prefix": "",
            "owner_id": "019408375185",
            "revoke_rules_on_delete": false,
            "tags": {
              "Env": "Dev",
              "Name": "TF_SG",
              "Owner_Name": "Sandeep",
              "category": "Local_Dev",
              "project_name": "terrafrom_testing"
            },
            "tags_all": {
              "Env": "Dev",
              "Name": "TF_SG",
              "Owner_Name": "Sandeep",
              "category": "Local_Dev",
              "project_name": "terrafrom_testing"
            },
            "timeouts": null,
            "vpc_id": "vpc-03af37395fc8b08aa"
          },
          "sensitive_attributes": [],
          "private": "eyJlMmJmYjczMC1lY2FhLTExZTYtOGY4OC0zNDM2M2JjN2M0YzAiOnsiY3JlYXRlIjo2MDAwMDAwMDAwMDAsImRlbGV0ZSI6OTAwMDAwMDAwMDAwfSwic2NoZW1hX3ZlcnNpb24iOiIxIn0=",
          "dependencies": [
            "aws_vpc.Main_VPC"
          ]
        }
      ]
    },
    {
      "mode": "managed",
      "type": "aws_subnet",
      "name": "Private_subnet",
      "provider": "provider[\"registry.terraform.io/hashicorp/aws\"]",
      "instances": [
        {
          "schema_version": 1,
          "attributes": {
            "arn": "arn:aws:ec2:us-east-1:019408375185:subnet/subnet-0dfd1ff82d94670b0",
            "assign_ipv6_address_on_creation": false,
            "availability_zone": "us-east-1a",
            "availability_zone_id": "use1-az2",
            "cidr_block": "10.0.2.0/24",
            "customer_owned_ipv4_pool": "",
            "enable_dns64": false,
            "enable_resource_name_dns_a_record_on_launch": false,
            "enable_resource_name_dns_aaaa_record_on_launch": false,
            "id": "subnet-0dfd1ff82d94670b0",
            "ipv6_cidr_block": "",
            "ipv6_cidr_block_association_id": "",
            "ipv6_native": false,
            "map_customer_owned_ip_on_launch": false,
            "map_public_ip_on_launch": false,
            "outpost_arn": "",
            "owner_id": "019408375185",
            "private_dns_hostname_type_on_launch": "ip-name",
            "tags": {
              "Env": "Dev",
              "Name": "Private_subnet",
              "Owner_Name": "Sandeep",
              "category": "Local_Dev",
              "project_name": "terrafrom_testing"
            },
            "tags_all": {
              "Env": "Dev",
              "Name": "Private_subnet",
              "Owner_Name": "Sandeep",
              "category": "Local_Dev",
              "project_name": "terrafrom_testing"
            },
            "timeouts": null,
            "vpc_id": "vpc-03af37395fc8b08aa"
          },
          "sensitive_attributes": [],
          "private": "eyJlMmJmYjczMC1lY2FhLTExZTYtOGY4OC0zNDM2M2JjN2M0YzAiOnsiY3JlYXRlIjo2MDAwMDAwMDAwMDAsImRlbGV0ZSI6MTIwMDAwMDAwMDAwMH0sInNjaGVtYV92ZXJzaW9uIjoiMSJ9",
          "dependencies": [
            "aws_vpc.Main_VPC"
          ]
        }
      ]
    },
    {
      "mode": "managed",
      "type": "aws_subnet",
      "name": "Public_subnet",
      "provider": "provider[\"registry.terraform.io/hashicorp/aws\"]",
      "instances": [
        {
          "schema_version": 1,
          "attributes": {
            "arn": "arn:aws:ec2:us-east-1:019408375185:subnet/subnet-0a1c8932bd3f92da4",
            "assign_ipv6_address_on_creation": false,
            "availability_zone": "us-east-1a",
            "availability_zone_id": "use1-az2",
            "cidr_block": "10.0.1.0/24",
            "customer_owned_ipv4_pool": "",
            "enable_dns64": false,
            "enable_resource_name_dns_a_record_on_launch": false,
            "enable_resource_name_dns_aaaa_record_on_launch": false,
            "id": "subnet-0a1c8932bd3f92da4",
            "ipv6_cidr_block": "",
            "ipv6_cidr_block_association_id": "",
            "ipv6_native": false,
            "map_customer_owned_ip_on_launch": false,
            "map_public_ip_on_launch": false,
            "outpost_arn": "",
            "owner_id": "019408375185",
            "private_dns_hostname_type_on_launch": "ip-name",
            "tags": {
              "Env": "Dev",
              "Name": "Public_subnet",
              "Owner_Name": "Sandeep",
              "category": "Local_Dev",
              "project_name": "terrafrom_testing"
            },
            "tags_all": {
              "Env": "Dev",
              "Name": "Public_subnet",
              "Owner_Name": "Sandeep",
              "category": "Local_Dev",
              "project_name": "terrafrom_testing"
            },
            "timeouts": null,
            "vpc_id": "vpc-03af37395fc8b08aa"
          },
          "sensitive_attributes": [],
          "private": "eyJlMmJmYjczMC1lY2FhLTExZTYtOGY4OC0zNDM2M2JjN2M0YzAiOnsiY3JlYXRlIjo2MDAwMDAwMDAwMDAsImRlbGV0ZSI6MTIwMDAwMDAwMDAwMH0sInNjaGVtYV92ZXJzaW9uIjoiMSJ9",
          "dependencies": [
            "aws_vpc.Main_VPC"
          ]
        }
      ]
    },
    {
      "mode": "managed",
      "type": "aws_volume_attachment",
      "name": "ebs_att1",
      "provider": "provider[\"registry.terraform.io/hashicorp/aws\"]",
      "instances": [
        {
          "schema_version": 0,
          "attributes": {
            "device_name": "/dev/sdj",
            "force_detach": null,
            "id": "vai-3058456362",
            "instance_id": "i-01ff94500f4e95230",
            "skip_destroy": null,
            "stop_instance_before_detaching": null,
            "timeouts": null,
            "volume_id": "vol-068fc99fdaba537d3"
          },
          "sensitive_attributes": [],
          "private": "eyJlMmJmYjczMC1lY2FhLTExZTYtOGY4OC0zNDM2M2JjN2M0YzAiOnsiY3JlYXRlIjozMDAwMDAwMDAwMDAsImRlbGV0ZSI6MzAwMDAwMDAwMDAwfX0=",
          "dependencies": [
            "aws_ebs_volume.vol1",
            "aws_instance.web_server",
            "aws_security_group.allow_port",
            "aws_subnet.Public_subnet",
            "aws_vpc.Main_VPC",
            "data.aws_ami.AmazonAmiName"
          ]
        }
      ]
    },
    {
      "mode": "managed",
      "type": "aws_volume_attachment",
      "name": "ebs_att2",
      "provider": "provider[\"registry.terraform.io/hashicorp/aws\"]",
      "instances": [
        {
          "schema_version": 0,
          "attributes": {
            "device_name": "/dev/sdi",
            "force_detach": null,
            "id": "vai-713142182",
            "instance_id": "i-04030b429c0d2a464",
            "skip_destroy": null,
            "stop_instance_before_detaching": null,
            "timeouts": null,
            "volume_id": "vol-0e09fd1bfd2bd68b5"
          },
          "sensitive_attributes": [],
          "private": "eyJlMmJmYjczMC1lY2FhLTExZTYtOGY4OC0zNDM2M2JjN2M0YzAiOnsiY3JlYXRlIjozMDAwMDAwMDAwMDAsImRlbGV0ZSI6MzAwMDAwMDAwMDAwfX0=",
          "dependencies": [
            "aws_ebs_volume.vol2",
            "aws_instance.web_server_ex",
            "aws_security_group.allow_port",
            "aws_subnet.Public_subnet",
            "aws_vpc.Main_VPC",
            "data.aws_ami.AmazonAmiName"
          ]
        }
      ]
    },
    {
      "mode": "managed",
      "type": "aws_volume_attachment",
      "name": "ebs_att3",
      "provider": "provider[\"registry.terraform.io/hashicorp/aws\"]",
      "instances": [
        {
          "schema_version": 0,
          "attributes": {
            "device_name": "/dev/sdh",
            "force_detach": null,
            "id": "vai-1688011438",
            "instance_id": "i-015cb837b1be901cc",
            "skip_destroy": null,
            "stop_instance_before_detaching": null,
            "timeouts": null,
            "volume_id": "vol-0b50e5a98e56c75f6"
          },
          "sensitive_attributes": [],
          "private": "eyJlMmJmYjczMC1lY2FhLTExZTYtOGY4OC0zNDM2M2JjN2M0YzAiOnsiY3JlYXRlIjozMDAwMDAwMDAwMDAsImRlbGV0ZSI6MzAwMDAwMDAwMDAwfX0=",
          "dependencies": [
            "aws_ebs_volume.vol3",
            "aws_instance.DB_server",
            "aws_security_group.sg2",
            "aws_subnet.Private_subnet",
            "aws_vpc.Main_VPC",
            "data.aws_ami.AmazonAmiName"
          ]
        }
      ]
    },
    {
      "mode": "managed",
      "type": "aws_vpc",
      "name": "Main_VPC",
      "provider": "provider[\"registry.terraform.io/hashicorp/aws\"]",
      "instances": [
        {
          "schema_version": 1,
          "attributes": {
            "arn": "arn:aws:ec2:us-east-1:019408375185:vpc/vpc-03af37395fc8b08aa",
            "assign_generated_ipv6_cidr_block": false,
            "cidr_block": "10.0.0.0/16",
            "default_network_acl_id": "acl-060b8e75a63174824",
            "default_route_table_id": "rtb-0399a6ecad3007d4b",
            "default_security_group_id": "sg-0f784961261159988",
            "dhcp_options_id": "dopt-0782512ea6fd227b7",
            "enable_classiclink": false,
            "enable_classiclink_dns_support": false,
            "enable_dns_hostnames": false,
            "enable_dns_support": true,
            "id": "vpc-03af37395fc8b08aa",
            "instance_tenancy": "default",
            "ipv4_ipam_pool_id": null,
            "ipv4_netmask_length": null,
            "ipv6_association_id": "",
            "ipv6_cidr_block": "",
            "ipv6_cidr_block_network_border_group": "",
            "ipv6_ipam_pool_id": "",
            "ipv6_netmask_length": 0,
            "main_route_table_id": "rtb-0399a6ecad3007d4b",
            "owner_id": "019408375185",
            "tags": {
              "Env": "Dev",
              "Name": "Main_VPC",
              "Owner_Name": "Sandeep",
              "category": "Local_Dev",
              "project_name": "terrafrom_testing"
            },
            "tags_all": {
              "Env": "Dev",
              "Name": "Main_VPC",
              "Owner_Name": "Sandeep",
              "category": "Local_Dev",
              "project_name": "terrafrom_testing"
            }
          },
          "sensitive_attributes": [],
          "private": "eyJzY2hlbWFfdmVyc2lvbiI6IjEifQ=="
        }
      ]
    },
    {
      "mode": "managed",
      "type": "null_resource",
      "name": "copy1",
      "provider": "provider[\"registry.terraform.io/hashicorp/null\"]",
      "instances": [
        {
          "schema_version": 0,
          "attributes": {
            "id": "9204648073584453752",
            "triggers": {
              "mytest": "2022-07-20T18:45:59Z"
            }
          },
          "sensitive_attributes": [],
          "private": "bnVsbA==",
          "dependencies": [
            "aws_instance.web_server",
            "aws_security_group.allow_port",
            "aws_subnet.Public_subnet",
            "aws_vpc.Main_VPC",
            "data.aws_ami.AmazonAmiName"
          ]
        }
      ]
    },
    {
      "mode": "managed",
      "type": "null_resource",
      "name": "copy2",
      "provider": "provider[\"registry.terraform.io/hashicorp/null\"]",
      "instances": [
        {
          "schema_version": 0,
          "attributes": {
            "id": "4186728242574121600",
            "triggers": {
              "mytest": "2022-07-20T18:45:58Z"
            }
          },
          "sensitive_attributes": [],
          "private": "bnVsbA==",
          "dependencies": [
            "aws_instance.web_server_ex",
            "aws_security_group.allow_port",
            "aws_subnet.Public_subnet",
            "aws_vpc.Main_VPC",
            "data.aws_ami.AmazonAmiName"
          ]
        }
      ]
    },
    {
      "mode": "managed",
      "type": "null_resource",
      "name": "destrynu",
      "provider": "provider[\"registry.terraform.io/hashicorp/null\"]",
      "instances": [
        {
          "schema_version": 0,
          "attributes": {
            "id": "5325198671122885106",
            "triggers": null
          },
          "sensitive_attributes": [],
          "private": "bnVsbA==",
          "dependencies": [
            "aws_instance.web_server",
            "aws_instance.web_server_ex",
            "aws_security_group.allow_port",
            "aws_subnet.Public_subnet",
            "aws_vpc.Main_VPC",
            "data.aws_ami.AmazonAmiName",
            "null_resource.copy1",
            "null_resource.copy2"
          ]
        }
      ]
    },
    {
      "mode": "managed",
      "type": "null_resource",
      "name": "destrynull",
      "provider": "provider[\"registry.terraform.io/hashicorp/null\"]",
      "instances": [
        {
          "schema_version": 0,
          "attributes": {
            "id": "3780529511020011504",
            "triggers": null
          },
          "sensitive_attributes": [],
          "private": "bnVsbA=="
        }
      ]
    },
    {
      "mode": "managed",
      "type": "null_resource",
      "name": "install_web_server1",
      "provider": "provider[\"registry.terraform.io/hashicorp/null\"]",
      "instances": [
        {
          "schema_version": 0,
          "attributes": {
            "id": "3965338136210651560",
            "triggers": {
              "mytest": "2022-07-20T18:45:59Z"
            }
          },
          "sensitive_attributes": [],
          "private": "bnVsbA==",
          "dependencies": [
            "aws_instance.web_server",
            "aws_security_group.allow_port",
            "aws_subnet.Public_subnet",
            "aws_vpc.Main_VPC",
            "data.aws_ami.AmazonAmiName"
          ]
        }
      ]
    },
    {
      "mode": "managed",
      "type": "null_resource",
      "name": "install_web_server2",
      "provider": "provider[\"registry.terraform.io/hashicorp/null\"]",
      "instances": [
        {
          "schema_version": 0,
          "attributes": {
            "id": "2586214765627955620",
            "triggers": {
              "mytest": "2022-07-20T18:45:58Z"
            }
          },
          "sensitive_attributes": [],
          "private": "bnVsbA==",
          "dependencies": [
            "aws_instance.web_server_ex",
            "aws_security_group.allow_port",
            "aws_subnet.Public_subnet",
            "aws_vpc.Main_VPC",
            "data.aws_ami.AmazonAmiName"
          ]
        }
      ]
    }
  ]
}
